Microsoft Visual Studio Solution File, Format Version 12.00
# Visual Studio Version 17
VisualStudioVersion = 17.5.2.0
MinimumVisualStudioVersion = 10.0.40219.1
Project("{FAE04EC0-301F-11D3-BF4B-00C04F79EFBC}") = "baitapvonglap3_hienthisonguyento", "baitapvonglap3_hienthisonguyento.csproj", "{5AB47D10-8AE1-23C3-3906-BB51C1C9F09B}"
EndProject
Global
	GlobalSection(SolutionConfigurationPlatforms) = preSolution
		Debug|Any CPU = Debug|Any CPU
		Release|Any CPU = Release|Any CPU
	EndGlobalSection
	GlobalSection(ProjectConfigurationPlatforms) = postSolution
		{5AB47D10-8AE1-23C3-3906-BB51C1C9F09B}.Debug|Any CPU.ActiveCfg = Debug|Any CPU
		{5AB47D10-8AE1-23C3-3906-BB51C1C9F09B}.Debug|Any CPU.Build.0 = Debug|Any CPU
		{5AB47D10-8AE1-23C3-3906-BB51C1C9F09B}.Release|Any CPU.ActiveCfg = Release|Any CPU
		{5AB47D10-8AE1-23C3-3906-BB51C1C9F09B}.Release|Any CPU.Build.0 = Release|Any CPU
	EndGlobalSection
	GlobalSection(SolutionProperties) = preSolution
		HideSolutionNode = FALSE
	EndGlobalSection
	GlobalSection(ExtensibilityGlobals) = postSolution
		SolutionGuid = {04058BE0-F57D-4705-AC30-730D12E171F5}
	EndGlobalSection
EndGlobal
